
Microsoft Visual Studio Solution File, Format Version 12.00
# Visual Studio Version 16
VisualStudioVersion = 16.0.30621.155
MinimumVisualStudioVersion = 10.0.40219.1
Project("{FAE04EC0-301F-11D3-BF4B-00C04F79EFBC}") = "principio", "principio.csproj", "{A999B59F-B31F-406A-AB80-F36D68623EBE}"
EndProject
Global
	GlobalSection(SolutionConfigurationPlatforms) = preSolution
		Debug|Any CPU = Debug|Any CPU
		Release|Any CPU = Release|Any CPU
	EndGlobalSection
	GlobalSection(ProjectConfigurationPlatforms) = postSolution
		{A999B59F-B31F-406A-AB80-F36D68623EBE}.Debug|Any CPU.ActiveCfg = Debug|Any CPU
		{A999B59F-B31F-406A-AB80-F36D68623EBE}.Debug|Any CPU.Build.0 = Debug|Any CPU
		{A999B59F-B31F-406A-AB80-F36D68623EBE}.Release|Any CPU.ActiveCfg = Release|Any CPU
		{A999B59F-B31F-406A-AB80-F36D68623EBE}.Release|Any CPU.Build.0 = Release|Any CPU
	EndGlobalSection
	GlobalSection(SolutionProperties) = preSolution
		HideSolutionNode = FALSE
	EndGlobalSection
	GlobalSection(ExtensibilityGlobals) = postSolution
		SolutionGuid = {96F07802-107D-465D-94A5-90DE6204D934}
	EndGlobalSection
EndGlobal
